
Microsoft Visual Studio Solution File, Format Version 12.00
# Visual Studio Version 17
VisualStudioVersion = 17.9.34714.143
MinimumVisualStudioVersion = 10.0.40219.1
Project("{FAE04EC0-301F-11D3-BF4B-00C04F79EFBC}") = "ConsoleApp2", "ConsoleApp2\ConsoleApp2.csproj", "{DB9DCCF4-BC43-44C0-A57C-F82588EAEE1D}"
EndProject
Global
	GlobalSection(SolutionConfigurationPlatforms) = preSolution
		Debug|Any CPU = Debug|Any CPU
		Release|Any CPU = Release|Any CPU
	EndGlobalSection
	GlobalSection(ProjectConfigurationPlatforms) = postSolution
		{DB9DCCF4-BC43-44C0-A57C-F82588EAEE1D}.Debug|Any CPU.ActiveCfg = Debug|Any CPU
		{DB9DCCF4-BC43-44C0-A57C-F82588EAEE1D}.Debug|Any CPU.Build.0 = Debug|Any CPU
		{DB9DCCF4-BC43-44C0-A57C-F82588EAEE1D}.Release|Any CPU.ActiveCfg = Release|Any CPU
		{DB9DCCF4-BC43-44C0-A57C-F82588EAEE1D}.Release|Any CPU.Build.0 = Release|Any CPU
	EndGlobalSection
	GlobalSection(SolutionProperties) = preSolution
		HideSolutionNode = FALSE
	EndGlobalSection
	GlobalSection(ExtensibilityGlobals) = postSolution
		SolutionGuid = {5B02AFC1-4CB6-4480-850A-9B2AA18791B3}
	EndGlobalSection
EndGlobal
